
Microsoft Visual Studio Solution File, Format Version 12.00
# Visual Studio Version 17
VisualStudioVersion = 17.8.34525.116
MinimumVisualStudioVersion = 10.0.40219.1
Project("{9A19103F-16F7-4668-BE54-9A1E7A4F7556}") = "IMC", "IMC\IMC.csproj", "{8C6EC1D7-FB2A-47E9-8F01-12F7EFB0F82D}"
EndProject
Global
	GlobalSection(SolutionConfigurationPlatforms) = preSolution
		Debug|Any CPU = Debug|Any CPU
		Release|Any CPU = Release|Any CPU
	EndGlobalSection
	GlobalSection(ProjectConfigurationPlatforms) = postSolution
		{8C6EC1D7-FB2A-47E9-8F01-12F7EFB0F82D}.Debug|Any CPU.ActiveCfg = Debug|Any CPU
		{8C6EC1D7-FB2A-47E9-8F01-12F7EFB0F82D}.Debug|Any CPU.Build.0 = Debug|Any CPU
		{8C6EC1D7-FB2A-47E9-8F01-12F7EFB0F82D}.Release|Any CPU.ActiveCfg = Release|Any CPU
		{8C6EC1D7-FB2A-47E9-8F01-12F7EFB0F82D}.Release|Any CPU.Build.0 = Release|Any CPU
	EndGlobalSection
	GlobalSection(SolutionProperties) = preSolution
		HideSolutionNode = FALSE
	EndGlobalSection
	GlobalSection(ExtensibilityGlobals) = postSolution
		SolutionGuid = {C1831FA9-ED49-441D-A83C-7772332940BC}
	EndGlobalSection
EndGlobal
